// !$*UTF8*$!
{
	archiveVersion = 1;
	classes = {
	};
	objectVersion = 56;
	objects = {

/* Begin PBXBuildFile section */
		CE0C79822B8C9C7D0099BE1F /* LandmarkList.swift in Sources */ = {isa = PBXBuildFile; fileRef = CE0C79812B8C9C7D0099BE1F /* LandmarkList.swift */; };
		CE0C79842B8CAEE30099BE1F /* LandmarkDetail.swift in Sources */ = {isa = PBXBuildFile; fileRef = CE0C79832B8CAEE30099BE1F /* LandmarkDetail.swift */; };
		CE0C79862B8D903F0099BE1F /* FavoriteButton.swift in Sources */ = {isa = PBXBuildFile; fileRef = CE0C79852B8D903F0099BE1F /* FavoriteButton.swift */; };
		CE0C798A2B8D9F890099BE1F /* HexagonParameters.swift in Sources */ = {isa = PBXBuildFile; fileRef = CE0C79892B8D9F890099BE1F /* HexagonParameters.swift */; };
		CE0C798C2B9031100099BE1F /* BadgeBackground.swift in Sources */ = {isa = PBXBuildFile; fileRef = CE0C798B2B9031100099BE1F /* BadgeBackground.swift */; };
		CE0C798E2B90350D0099BE1F /* BadgeSymbol.swift in Sources */ = {isa = PBXBuildFile; fileRef = CE0C798D2B90350D0099BE1F /* BadgeSymbol.swift */; };
		CE0C79902B9036540099BE1F /* RotatedBadgeSymbol.swift in Sources */ = {isa = PBXBuildFile; fileRef = CE0C798F2B9036540099BE1F /* RotatedBadgeSymbol.swift */; };
		CE0C79932B9036DE0099BE1F /* Badge.swift in Sources */ = {isa = PBXBuildFile; fileRef = CE0C79922B9036DE0099BE1F /* Badge.swift */; };
		CE0C79AF2B92F7500099BE1F /* hikeData.json in Resources */ = {isa = PBXBuildFile; fileRef = CE0C79AE2B92F7500099BE1F /* hikeData.json */; };
		CE0C79B12B92F7FC0099BE1F /* Hike.swift in Sources */ = {isa = PBXBuildFile; fileRef = CE0C79B02B92F7FC0099BE1F /* Hike.swift */; };
		CE0C79B32B92F8B90099BE1F /* Hikes in Resources */ = {isa = PBXBuildFile; fileRef = CE0C79B22B92F8B80099BE1F /* Hikes */; };
		CE42C2512B8C96C700C07C9F /* LandmarksApp.swift in Sources */ = {isa = PBXBuildFile; fileRef = CE42C2502B8C96C700C07C9F /* LandmarksApp.swift */; };
		CE42C2552B8C96C900C07C9F /* Assets.xcassets in Resources */ = {isa = PBXBuildFile; fileRef = CE42C2542B8C96C900C07C9F /* Assets.xcassets */; };
		CE42C2582B8C96C900C07C9F /* Preview Assets.xcassets in Resources */ = {isa = PBXBuildFile; fileRef = CE42C2572B8C96C900C07C9F /* Preview Assets.xcassets */; };
		CE42C2622B8C970A00C07C9F /* landmarkData.json in Resources */ = {isa = PBXBuildFile; fileRef = CE42C2612B8C970A00C07C9F /* landmarkData.json */; };
		CE42C2672B8C971B00C07C9F /* ContentView.swift in Sources */ = {isa = PBXBuildFile; fileRef = CE42C2632B8C971B00C07C9F /* ContentView.swift */; };
		CE42C2682B8C971B00C07C9F /* CircleImageView.swift in Sources */ = {isa = PBXBuildFile; fileRef = CE42C2642B8C971B00C07C9F /* CircleImageView.swift */; };
		CE42C2692B8C971B00C07C9F /* LandmarkRow.swift in Sources */ = {isa = PBXBuildFile; fileRef = CE42C2652B8C971B00C07C9F /* LandmarkRow.swift */; };
		CE42C26A2B8C971B00C07C9F /* MapView.swift in Sources */ = {isa = PBXBuildFile; fileRef = CE42C2662B8C971B00C07C9F /* MapView.swift */; };
		CE42C26D2B8C974600C07C9F /* Landmark.swift in Sources */ = {isa = PBXBuildFile; fileRef = CE42C26B2B8C974600C07C9F /* Landmark.swift */; };
		CE42C26E2B8C974600C07C9F /* ModelData.swift in Sources */ = {isa = PBXBuildFile; fileRef = CE42C26C2B8C974600C07C9F /* ModelData.swift */; };
/* End PBXBuildFile section */

/* Begin PBXFileReference section */
		CE0C79812B8C9C7D0099BE1F /* LandmarkList.swift */ = {isa = PBXFileReference; lastKnownFileType = sourcecode.swift; path = LandmarkList.swift; sourceTree = "<group>"; };
		CE0C79832B8CAEE30099BE1F /* LandmarkDetail.swift */ = {isa = PBXFileReference; lastKnownFileType = sourcecode.swift; path = LandmarkDetail.swift; sourceTree = "<group>"; };
		CE0C79852B8D903F0099BE1F /* FavoriteButton.swift */ = {isa = PBXFileReference; lastKnownFileType = sourcecode.swift; path = FavoriteButton.swift; sourceTree = "<group>"; };
		CE0C79892B8D9F890099BE1F /* HexagonParameters.swift */ = {isa = PBXFileReference; lastKnownFileType = sourcecode.swift; path = HexagonParameters.swift; sourceTree = "<group>"; };
		CE0C798B2B9031100099BE1F /* BadgeBackground.swift */ = {isa = PBXFileReference; lastKnownFileType = sourcecode.swift; path = BadgeBackground.swift; sourceTree = "<group>"; };
		CE0C798D2B90350D0099BE1F /* BadgeSymbol.swift */ = {isa = PBXFileReference; lastKnownFileType = sourcecode.swift; path = BadgeSymbol.swift; sourceTree = "<group>"; };
		CE0C798F2B9036540099BE1F /* RotatedBadgeSymbol.swift */ = {isa = PBXFileReference; lastKnownFileType = sourcecode.swift; path = RotatedBadgeSymbol.swift; sourceTree = "<group>"; };
		CE0C79922B9036DE0099BE1F /* Badge.swift */ = {isa = PBXFileReference; lastKnownFileType = sourcecode.swift; path = Badge.swift; sourceTree = "<group>"; };
		CE0C79AE2B92F7500099BE1F /* hikeData.json */ = {isa = PBXFileReference; fileEncoding = 4; lastKnownFileType = text.json; path = hikeData.json; sourceTree = "<group>"; };
		CE0C79B02B92F7FC0099BE1F /* Hike.swift */ = {isa = PBXFileReference; lastKnownFileType = sourcecode.swift; path = Hike.swift; sourceTree = "<group>"; };
		CE0C79B22B92F8B80099BE1F /* Hikes */ = {isa = PBXFileReference; lastKnownFileType = folder; path = Hikes; sourceTree = "<group>"; };
		CE42C24D2B8C96C700C07C9F /* Landmarks.app */ = {isa = PBXFileReference; explicitFileType = wrapper.application; includeInIndex = 0; path = Landmarks.app; sourceTree = BUILT_PRODUCTS_DIR; };
		CE42C2502B8C96C700C07C9F /* LandmarksApp.swift */ = {isa = PBXFileReference; lastKnownFileType = sourcecode.swift; path = LandmarksApp.swift; sourceTree = "<group>"; };
		CE42C2542B8C96C900C07C9F /* Assets.xcassets */ = {isa = PBXFileReference; lastKnownFileType = folder.assetcatalog; path = Assets.xcassets; sourceTree = "<group>"; };
		CE42C2572B8C96C900C07C9F /* Preview Assets.xcassets */ = {isa = PBXFileReference; lastKnownFileType = folder.assetcatalog; path = "Preview Assets.xcassets"; sourceTree = "<group>"; };
		CE42C2612B8C970A00C07C9F /* landmarkData.json */ = {isa = PBXFileReference; fileEncoding = 4; lastKnownFileType = text.json; path = landmarkData.json; sourceTree = "<group>"; };
		CE42C2632B8C971B00C07C9F /* ContentView.swift */ = {isa = PBXFileReference; fileEncoding = 4; lastKnownFileType = sourcecode.swift; path = ContentView.swift; sourceTree = "<group>"; };
		CE42C2642B8C971B00C07C9F /* CircleImageView.swift */ = {isa = PBXFileReference; fileEncoding = 4; lastKnownFileType = sourcecode.swift; path = CircleImageView.swift; sourceTree = "<group>"; };
		CE42C2652B8C971B00C07C9F /* LandmarkRow.swift */ = {isa = PBXFileReference; fileEncoding = 4; lastKnownFileType = sourcecode.swift; path = LandmarkRow.swift; sourceTree = "<group>"; };
		CE42C2662B8C971B00C07C9F /* MapView.swift */ = {isa = PBXFileReference; fileEncoding = 4; lastKnownFileType = sourcecode.swift; path = MapView.swift; sourceTree = "<group>"; };
		CE42C26B2B8C974600C07C9F /* Landmark.swift */ = {isa = PBXFileReference; fileEncoding = 4; lastKnownFileType = sourcecode.swift; path = Landmark.swift; sourceTree = "<group>"; };
		CE42C26C2B8C974600C07C9F /* ModelData.swift */ = {isa = PBXFileReference; fileEncoding = 4; lastKnownFileType = sourcecode.swift; path = ModelData.swift; sourceTree = "<group>"; };
/* End PBXFileReference section */

/* Begin PBXFrameworksBuildPhase section */
		CE42C24A2B8C96C700C07C9F /* Frameworks */ = {
			isa = PBXFrameworksBuildPhase;
			buildActionMask = 2147483647;
			files = (
			);
			runOnlyForDeploymentPostprocessing = 0;
		};
/* End PBXFrameworksBuildPhase section */

/* Begin PBXGroup section */
		CE0C79872B8D945C0099BE1F /* Landmarks */ = {
			isa = PBXGroup;
			children = (
				CE42C2652B8C971B00C07C9F /* LandmarkRow.swift */,
				CE0C79832B8CAEE30099BE1F /* LandmarkDetail.swift */,
				CE0C79812B8C9C7D0099BE1F /* LandmarkList.swift */,
			);
			path = Landmarks;
			sourceTree = "<group>";
		};
		CE0C79882B8D94800099BE1F /* Helper */ = {
			isa = PBXGroup;
			children = (
				CE0C79852B8D903F0099BE1F /* FavoriteButton.swift */,
				CE42C2662B8C971B00C07C9F /* MapView.swift */,
				CE42C2642B8C971B00C07C9F /* CircleImageView.swift */,
			);
			path = Helper;
			sourceTree = "<group>";
		};
		CE0C79912B9036B10099BE1F /* Badge */ = {
			isa = PBXGroup;
			children = (
				CE0C798D2B90350D0099BE1F /* BadgeSymbol.swift */,
				CE0C798B2B9031100099BE1F /* BadgeBackground.swift */,
				CE0C798F2B9036540099BE1F /* RotatedBadgeSymbol.swift */,
				CE0C79892B8D9F890099BE1F /* HexagonParameters.swift */,
				CE0C79922B9036DE0099BE1F /* Badge.swift */,
			);
			path = Badge;
			sourceTree = "<group>";
		};
		CE42C2442B8C96C700C07C9F = {
			isa = PBXGroup;
			children = (
				CE42C24F2B8C96C700C07C9F /* Landmarks */,
				CE42C24E2B8C96C700C07C9F /* Products */,
			);
			sourceTree = "<group>";
		};
		CE42C24E2B8C96C700C07C9F /* Products */ = {
			isa = PBXGroup;
			children = (
				CE42C24D2B8C96C700C07C9F /* Landmarks.app */,
			);
			name = Products;
			sourceTree = "<group>";
		};
		CE42C24F2B8C96C700C07C9F /* Landmarks */ = {
			isa = PBXGroup;
			children = (
				CE42C2602B8C96FA00C07C9F /* Model */,
				CE42C25F2B8C96F300C07C9F /* Views */,
				CE42C25E2B8C96E300C07C9F /* Resources */,
				CE42C2502B8C96C700C07C9F /* LandmarksApp.swift */,
				CE42C2542B8C96C900C07C9F /* Assets.xcassets */,
				CE42C2562B8C96C900C07C9F /* Preview Content */,
			);
			path = Landmarks;
			sourceTree = "<group>";
		};
		CE42C2562B8C96C900C07C9F /* Preview Content */ = {
			isa = PBXGroup;
			children = (
				CE42C2572B8C96C900C07C9F /* Preview Assets.xcassets */,
			);
			path = "Preview Content";
			sourceTree = "<group>";
		};
		CE42C25E2B8C96E300C07C9F /* Resources */ = {
			isa = PBXGroup;
			children = (
				CE0C79AE2B92F7500099BE1F /* hikeData.json */,
				CE42C2612B8C970A00C07C9F /* landmarkData.json */,
			);
			path = Resources;
			sourceTree = "<group>";
		};
		CE42C25F2B8C96F300C07C9F /* Views */ = {
			isa = PBXGroup;
			children = (
				CE0C79B22B92F8B80099BE1F /* Hikes */,
				CE0C79912B9036B10099BE1F /* Badge */,
				CE0C79882B8D94800099BE1F /* Helper */,
				CE0C79872B8D945C0099BE1F /* Landmarks */,
				CE42C2632B8C971B00C07C9F /* ContentView.swift */,
			);
			path = Views;
			sourceTree = "<group>";
		};
		CE42C2602B8C96FA00C07C9F /* Model */ = {
			isa = PBXGroup;
			children = (
				CE42C26B2B8C974600C07C9F /* Landmark.swift */,
				CE42C26C2B8C974600C07C9F /* ModelData.swift */,
				CE0C79B02B92F7FC0099BE1F /* Hike.swift */,
			);
			path = Model;
			sourceTree = "<group>";
		};
/* End PBXGroup section */

/* Begin PBXNativeTarget section */
		CE42C24C2B8C96C700C07C9F /* Landmarks */ = {
			isa = PBXNativeTarget;
			buildConfigurationList = CE42C25B2B8C96C900C07C9F /* Build configuration list for PBXNativeTarget "Landmarks" */;
			buildPhases = (
				CE42C2492B8C96C700C07C9F /* Sources */,
				CE42C24A2B8C96C700C07C9F /* Frameworks */,
				CE42C24B2B8C96C700C07C9F /* Resources */,
			);
			buildRules = (
			);
			dependencies = (
			);
			name = Landmarks;
			productName = Landmarks;
			productReference = CE42C24D2B8C96C700C07C9F /* Landmarks.app */;
			productType = "com.apple.product-type.application";
		};
/* End PBXNativeTarget section */

/* Begin PBXProject section */
		CE42C2452B8C96C700C07C9F /* Project object */ = {
			isa = PBXProject;
			attributes = {
				BuildIndependentTargetsInParallel = 1;
				LastSwiftUpdateCheck = 1520;
				LastUpgradeCheck = 1520;
				TargetAttributes = {
					CE42C24C2B8C96C700C07C9F = {
						CreatedOnToolsVersion = 15.2;
					};
				};
			};
			buildConfigurationList = CE42C2482B8C96C700C07C9F /* Build configuration list for PBXProject "Landmarks" */;
			compatibilityVersion = "Xcode 14.0";
			developmentRegion = en;
			hasScannedForEncodings = 0;
			knownRegions = (
				en,
				Base,
			);
			mainGroup = CE42C2442B8C96C700C07C9F;
			productRefGroup = CE42C24E2B8C96C700C07C9F /* Products */;
			projectDirPath = "";
			projectRoot = "";
			targets = (
				CE42C24C2B8C96C700C07C9F /* Landmarks */,
			);
		};
/* End PBXProject section */

/* Begin PBXResourcesBuildPhase section */
		CE42C24B2B8C96C700C07C9F /* Resources */ = {
			isa = PBXResourcesBuildPhase;
			buildActionMask = 2147483647;
			files = (
				CE0C79AF2B92F7500099BE1F /* hikeData.json in Resources */,
				CE0C79B32B92F8B90099BE1F /* Hikes in Resources */,
				CE42C2582B8C96C900C07C9F /* Preview Assets.xcassets in Resources */,
				CE42C2552B8C96C900C07C9F /* Assets.xcassets in Resources */,
				CE42C2622B8C970A00C07C9F /* landmarkData.json in Resources */,
			);
			runOnlyForDeploymentPostprocessing = 0;
		};
/* End PBXResourcesBuildPhase section */

/* Begin PBXSourcesBuildPhase section */
		CE42C2492B8C96C700C07C9F /* Sources */ = {
			isa = PBXSourcesBuildPhase;
			buildActionMask = 2147483647;
			files = (
				CE42C2682B8C971B00C07C9F /* CircleImageView.swift in Sources */,
				CE0C79932B9036DE0099BE1F /* Badge.swift in Sources */,
				CE42C26A2B8C971B00C07C9F /* MapView.swift in Sources */,
				CE42C2512B8C96C700C07C9F /* LandmarksApp.swift in Sources */,
				CE0C79862B8D903F0099BE1F /* FavoriteButton.swift in Sources */,
				CE0C798A2B8D9F890099BE1F /* HexagonParameters.swift in Sources */,
				CE0C79B12B92F7FC0099BE1F /* Hike.swift in Sources */,
				CE0C79902B9036540099BE1F /* RotatedBadgeSymbol.swift in Sources */,
				CE0C798E2B90350D0099BE1F /* BadgeSymbol.swift in Sources */,
				CE0C79822B8C9C7D0099BE1F /* LandmarkList.swift in Sources */,
				CE0C79842B8CAEE30099BE1F /* LandmarkDetail.swift in Sources */,
				CE0C798C2B9031100099BE1F /* BadgeBackground.swift in Sources */,
				CE42C2692B8C971B00C07C9F /* LandmarkRow.swift in Sources */,
				CE42C2672B8C971B00C07C9F /* ContentView.swift in Sources */,
				CE42C26D2B8C974600C07C9F /* Landmark.swift in Sources */,
				CE42C26E2B8C974600C07C9F /* ModelData.swift in Sources */,
			);
			runOnlyForDeploymentPostprocessing = 0;
		};
/* End PBXSourcesBuildPhase section */

/* Begin XCBuildConfiguration section */
		CE42C2592B8C96C900C07C9F /* Debug */ = {
			isa = XCBuildConfiguration;
			buildSettings = {
				ALWAYS_SEARCH_USER_PATHS = NO;
				ASSETCATALOG_COMPILER_GENERATE_SWIFT_ASSET_SYMBOL_EXTENSIONS = YES;
				CLANG_ANALYZER_NONNULL = YES;
				CLANG_ANALYZER_NUMBER_OBJECT_CONVERSION = YES_AGGRESSIVE;
				CLANG_CXX_LANGUAGE_STANDARD = "gnu++20";
				CLANG_ENABLE_MODULES = YES;
				CLANG_ENABLE_OBJC_ARC = YES;
				CLANG_ENABLE_OBJC_WEAK = YES;
				CLANG_WARN_BLOCK_CAPTURE_AUTORELEASING = YES;
				CLANG_WARN_BOOL_CONVERSION = YES;
				CLANG_WARN_COMMA = YES;
				CLANG_WARN_CONSTANT_CONVERSION = YES;
				CLANG_WARN_DEPRECATED_OBJC_IMPLEMENTATIONS = YES;
				CLANG_WARN_DIRECT_OBJC_ISA_USAGE = YES_ERROR;
				CLANG_WARN_DOCUMENTATION_COMMENTS = YES;
				CLANG_WARN_EMPTY_BODY = YES;
				CLANG_WARN_ENUM_CONVERSION = YES;
				CLANG_WARN_INFINITE_RECURSION = YES;
				CLANG_WARN_INT_CONVERSION = YES;
				CLANG_WARN_NON_LITERAL_NULL_CONVERSION = YES;
				CLANG_WARN_OBJC_IMPLICIT_RETAIN_SELF = YES;
				CLANG_WARN_OBJC_LITERAL_CONVERSION = YES;
				CLANG_WARN_OBJC_ROOT_CLASS = YES_ERROR;
				CLANG_WARN_QUOTED_INCLUDE_IN_FRAMEWORK_HEADER = YES;
				CLANG_WARN_RANGE_LOOP_ANALYSIS = YES;
				CLANG_WARN_STRICT_PROTOTYPES = YES;
				CLANG_WARN_SUSPICIOUS_MOVE = YES;
				CLANG_WARN_UNGUARDED_AVAILABILITY = YES_AGGRESSIVE;
				CLANG_WARN_UNREACHABLE_CODE = YES;
				CLANG_WARN__DUPLICATE_METHOD_MATCH = YES;
				COPY_PHASE_STRIP = NO;
				DEBUG_INFORMATION_FORMAT = dwarf;
				ENABLE_STRICT_OBJC_MSGSEND = YES;
				ENABLE_TESTABILITY = YES;
				ENABLE_USER_SCRIPT_SANDBOXING = YES;
				GCC_C_LANGUAGE_STANDARD = gnu17;
				GCC_DYNAMIC_NO_PIC = NO;
				GCC_NO_COMMON_BLOCKS = YES;
				GCC_OPTIMIZATION_LEVEL = 0;
				GCC_PREPROCESSOR_DEFINITIONS = (
					"DEBUG=1",
					"$(inherited)",
				);
				GCC_WARN_64_TO_32_BIT_CONVERSION = YES;
				GCC_WARN_ABOUT_RETURN_TYPE = YES_ERROR;
				GCC_WARN_UNDECLARED_SELECTOR = YES;
				GCC_WARN_UNINITIALIZED_AUTOS = YES_AGGRESSIVE;
				GCC_WARN_UNUSED_FUNCTION = YES;
				GCC_WARN_UNUSED_VARIABLE = YES;
				IPHONEOS_DEPLOYMENT_TARGET = 17.2;
				LOCALIZATION_PREFERS_STRING_CATALOGS = YES;
				MTL_ENABLE_DEBUG_INFO = INCLUDE_SOURCE;
				MTL_FAST_MATH = YES;
				ONLY_ACTIVE_ARCH = YES;
				SDKROOT = iphoneos;
				SWIFT_ACTIVE_COMPILATION_CONDITIONS = "DEBUG $(inherited)";
				SWIFT_OPTIMIZATION_LEVEL = "-Onone";
			};
			name = Debug;
		};
		CE42C25A2B8C96C900C07C9F /* Release */ = {
			isa = XCBuildConfiguration;
			buildSettings = {
				ALWAYS_SEARCH_USER_PATHS = NO;
				ASSETCATALOG_COMPILER_GENERATE_SWIFT_ASSET_SYMBOL_EXTENSIONS = YES;
				CLANG_ANALYZER_NONNULL = YES;
				CLANG_ANALYZER_NUMBER_OBJECT_CONVERSION = YES_AGGRESSIVE;
				CLANG_CXX_LANGUAGE_STANDARD = "gnu++20";
				CLANG_ENABLE_MODULES = YES;
				CLANG_ENABLE_OBJC_ARC = YES;
				CLANG_ENABLE_OBJC_WEAK = YES;
				CLANG_WARN_BLOCK_CAPTURE_AUTORELEASING = YES;
				CLANG_WARN_BOOL_CONVERSION = YES;
				CLANG_WARN_COMMA = YES;
				CLANG_WARN_CONSTANT_CONVERSION = YES;
				CLANG_WARN_DEPRECATED_OBJC_IMPLEMENTATIONS = YES;
				CLANG_WARN_DIRECT_OBJC_ISA_USAGE = YES_ERROR;
				CLANG_WARN_DOCUMENTATION_COMMENTS = YES;
				CLANG_WARN_EMPTY_BODY = YES;
				CLANG_WARN_ENUM_CONVERSION = YES;
				CLANG_WARN_INFINITE_RECURSION = YES;
				CLANG_WARN_INT_CONVERSION = YES;
				CLANG_WARN_NON_LITERAL_NULL_CONVERSION = YES;
				CLANG_WARN_OBJC_IMPLICIT_RETAIN_SELF = YES;
				CLANG_WARN_OBJC_LITERAL_CONVERSION = YES;
				CLANG_WARN_OBJC_ROOT_CLASS = YES_ERROR;
				CLANG_WARN_QUOTED_INCLUDE_IN_FRAMEWORK_HEADER = YES;
				CLANG_WARN_RANGE_LOOP_ANALYSIS = YES;
				CLANG_WARN_STRICT_PROTOTYPES = YES;
				CLANG_WARN_SUSPICIOUS_MOVE = YES;
				CLANG_WARN_UNGUARDED_AVAILABILITY = YES_AGGRESSIVE;
				CLANG_WARN_UNREACHABLE_CODE = YES;
				CLANG_WARN__DUPLICATE_METHOD_MATCH = YES;
				COPY_PHASE_STRIP = NO;
				DEBUG_INFORMATION_FORMAT = "dwarf-with-dsym";
				ENABLE_NS_ASSERTIONS = NO;
				ENABLE_STRICT_OBJC_MSGSEND = YES;
				ENABLE_USER_SCRIPT_SANDBOXING = YES;
				GCC_C_LANGUAGE_STANDARD = gnu17;
				GCC_NO_COMMON_BLOCKS = YES;
				GCC_WARN_64_TO_32_BIT_CONVERSION = YES;
				GCC_WARN_ABOUT_RETURN_TYPE = YES_ERROR;
				GCC_WARN_UNDECLARED_SELECTOR = YES;
				GCC_WARN_UNINITIALIZED_AUTOS = YES_AGGRESSIVE;
				GCC_WARN_UNUSED_FUNCTION = YES;
				GCC_WARN_UNUSED_VARIABLE = YES;
				IPHONEOS_DEPLOYMENT_TARGET = 17.2;
				LOCALIZATION_PREFERS_STRING_CATALOGS = YES;
				MTL_ENABLE_DEBUG_INFO = NO;
				MTL_FAST_MATH = YES;
				SDKROOT = iphoneos;
				SWIFT_COMPILATION_MODE = wholemodule;
				VALIDATE_PRODUCT = YES;
			};
			name = Release;
		};
		CE42C25C2B8C96C900C07C9F /* Debug */ = {
			isa = XCBuildConfiguration;
			buildSettings = {
				ASSETCATALOG_COMPILER_APPICON_NAME = AppIcon;
				ASSETCATALOG_COMPILER_GLOBAL_ACCENT_COLOR_NAME = AccentColor;
				CODE_SIGN_STYLE = Automatic;
				CURRENT_PROJECT_VERSION = 1;
				DEVELOPMENT_ASSET_PATHS = "\"Landmarks/Preview Content\"";
				DEVELOPMENT_TEAM = 669C25TBH6;
				ENABLE_PREVIEWS = YES;
				GENERATE_INFOPLIST_FILE = YES;
				INFOPLIST_KEY_UIApplicationSceneManifest_Generation = YES;
				INFOPLIST_KEY_UIApplicationSupportsIndirectInputEvents = YES;
				INFOPLIST_KEY_UILaunchScreen_Generation = YES;
				INFOPLIST_KEY_UISupportedInterfaceOrientations_iPad = "UIInterfaceOrientationPortrait UIInterfaceOrientationPortraitUpsideDown UIInterfaceOrientationLandscapeLeft UIInterfaceOrientationLandscapeRight";
				INFOPLIST_KEY_UISupportedInterfaceOrientations_iPhone = "UIInterfaceOrientationPortrait UIInterfaceOrientationLandscapeLeft UIInterfaceOrientationLandscapeRight";
				LD_RUNPATH_SEARCH_PATHS = (
					"$(inherited)",
					"@executable_path/Frameworks",
				);
				MARKETING_VERSION = 1.0;
				PRODUCT_BUNDLE_IDENTIFIER = com.tanishksahni.Landmarks;
				PRODUCT_NAME = "$(TARGET_NAME)";
				SWIFT_EMIT_LOC_STRINGS = YES;
				SWIFT_VERSION = 5.0;
				TARGETED_DEVICE_FAMILY = "1,2";
			};
			name = Debug;
		};
		CE42C25D2B8C96C900C07C9F /* Release */ = {
			isa = XCBuildConfiguration;
			buildSettings = {
				ASSETCATALOG_COMPILER_APPICON_NAME = AppIcon;
				ASSETCATALOG_COMPILER_GLOBAL_ACCENT_COLOR_NAME = AccentColor;
				CODE_SIGN_STYLE = Automatic;
				CURRENT_PROJECT_VERSION = 1;
				DEVELOPMENT_ASSET_PATHS = "\"Landmarks/Preview Content\"";
				DEVELOPMENT_TEAM = 669C25TBH6;
				ENABLE_PREVIEWS = YES;
				GENERATE_INFOPLIST_FILE = YES;
				INFOPLIST_KEY_UIApplicationSceneManifest_Generation = YES;
				INFOPLIST_KEY_UIApplicationSupportsIndirectInputEvents = YES;
				INFOPLIST_KEY_UILaunchScreen_Generation = YES;
				INFOPLIST_KEY_UISupportedInterfaceOrientations_iPad = "UIInterfaceOrientationPortrait UIInterfaceOrientationPortraitUpsideDown UIInterfaceOrientationLandscapeLeft UIInterfaceOrientationLandscapeRight";
				INFOPLIST_KEY_UISupportedInterfaceOrientations_iPhone = "UIInterfaceOrientationPortrait UIInterfaceOrientationLandscapeLeft UIInterfaceOrientationLandscapeRight";
				LD_RUNPATH_SEARCH_PATHS = (
					"$(inherited)",
					"@executable_path/Frameworks",
				);
				MARKETING_VERSION = 1.0;
				PRODUCT_BUNDLE_IDENTIFIER = com.tanishksahni.Landmarks;
				PRODUCT_NAME = "$(TARGET_NAME)";
				SWIFT_EMIT_LOC_STRINGS = YES;
				SWIFT_VERSION = 5.0;
				TARGETED_DEVICE_FAMILY = "1,2";
			};
			name = Release;
		};
/* End XCBuildConfiguration section */

/* Begin XCConfigurationList section */
		CE42C2482B8C96C700C07C9F /* Build configuration list for PBXProject "Landmarks" */ = {
			isa = XCConfigurationList;
			buildConfigurations = (
				CE42C2592B8C96C900C07C9F /* Debug */,
				CE42C25A2B8C96C900C07C9F /* Release */,
			);
			defaultConfigurationIsVisible = 0;
			defaultConfigurationName = Release;
		};
		CE42C25B2B8C96C900C07C9F /* Build configuration list for PBXNativeTarget "Landmarks" */ = {
			isa = XCConfigurationList;
			buildConfigurations = (
				CE42C25C2B8C96C900C07C9F /* Debug */,
				CE42C25D2B8C96C900C07C9F /* Release */,
			);
			defaultConfigurationIsVisible = 0;
			defaultConfigurationName = Release;
		};
/* End XCConfigurationList section */
	};
	rootObject = CE42C2452B8C96C700C07C9F /* Project object */;
}
